
Microsoft Visual Studio Solution File, Format Version 12.00
# Visual Studio Version 17
VisualStudioVersion = 17.13.35818.85 d17.13
MinimumVisualStudioVersion = 10.0.40219.1
Project("{FAE04EC0-301F-11D3-BF4B-00C04F79EFBC}") = "CoreAI.OpenAIChat", "CoreAI.OpenAIChat\CoreAI.OpenAIChat.csproj", "{91447AB4-2324-4D6F-ADFC-13B664AD8193}"
EndProject
Project("{FAE04EC0-301F-11D3-BF4B-00C04F79EFBC}") = "CoreAI.AudioToText", "CoreAI.SpeechToText\CoreAI.AudioToText.csproj", "{79FE7010-1D3B-4B2D-9860-46F9404F114F}"
EndProject
Global
	GlobalSection(SolutionConfigurationPlatforms) = preSolution
		Debug|Any CPU = Debug|Any CPU
		Release|Any CPU = Release|Any CPU
	EndGlobalSection
	GlobalSection(ProjectConfigurationPlatforms) = postSolution
		{91447AB4-2324-4D6F-ADFC-13B664AD8193}.Debug|Any CPU.ActiveCfg = Debug|Any CPU
		{91447AB4-2324-4D6F-ADFC-13B664AD8193}.Debug|Any CPU.Build.0 = Debug|Any CPU
		{91447AB4-2324-4D6F-ADFC-13B664AD8193}.Release|Any CPU.ActiveCfg = Release|Any CPU
		{91447AB4-2324-4D6F-ADFC-13B664AD8193}.Release|Any CPU.Build.0 = Release|Any CPU
		{79FE7010-1D3B-4B2D-9860-46F9404F114F}.Debug|Any CPU.ActiveCfg = Debug|Any CPU
		{79FE7010-1D3B-4B2D-9860-46F9404F114F}.Debug|Any CPU.Build.0 = Debug|Any CPU
		{79FE7010-1D3B-4B2D-9860-46F9404F114F}.Release|Any CPU.ActiveCfg = Release|Any CPU
		{79FE7010-1D3B-4B2D-9860-46F9404F114F}.Release|Any CPU.Build.0 = Release|Any CPU
	EndGlobalSection
	GlobalSection(SolutionProperties) = preSolution
		HideSolutionNode = FALSE
	EndGlobalSection
	GlobalSection(ExtensibilityGlobals) = postSolution
		SolutionGuid = {F2BAB83A-9EA0-4F0E-AA84-8354A5E62259}
	EndGlobalSection
EndGlobal
